
Microsoft Visual Studio Solution File, Format Version 12.00
# Visual Studio Version 16
VisualStudioVersion = 16.0.30523.141
MinimumVisualStudioVersion = 10.0.40219.1
Project("{FAE04EC0-301F-11D3-BF4B-00C04F79EFBC}") = "Privilege.Api", "Privilege.Api\Privilege.Api.csproj", "{025A440F-F20A-49BB-AF49-F1966064E158}"
EndProject
Project("{FAE04EC0-301F-11D3-BF4B-00C04F79EFBC}") = "Privilege.Database", "Privilege.Database\Privilege.Database.csproj", "{21DAC712-8DEE-4B11-9D27-8CE1F45C74C0}"
EndProject
Project("{FAE04EC0-301F-11D3-BF4B-00C04F79EFBC}") = "Privilege.Business", "Privilege.Business\Privilege.Business.csproj", "{FBC47889-67CB-4ED5-85CF-0AC983AF2EE7}"
EndProject
Global
	GlobalSection(SolutionConfigurationPlatforms) = preSolution
		Debug|Any CPU = Debug|Any CPU
		Release|Any CPU = Release|Any CPU
	EndGlobalSection
	GlobalSection(ProjectConfigurationPlatforms) = postSolution
		{025A440F-F20A-49BB-AF49-F1966064E158}.Debug|Any CPU.ActiveCfg = Debug|Any CPU
		{025A440F-F20A-49BB-AF49-F1966064E158}.Debug|Any CPU.Build.0 = Debug|Any CPU
		{025A440F-F20A-49BB-AF49-F1966064E158}.Release|Any CPU.ActiveCfg = Release|Any CPU
		{025A440F-F20A-49BB-AF49-F1966064E158}.Release|Any CPU.Build.0 = Release|Any CPU
		{21DAC712-8DEE-4B11-9D27-8CE1F45C74C0}.Debug|Any CPU.ActiveCfg = Debug|Any CPU
		{21DAC712-8DEE-4B11-9D27-8CE1F45C74C0}.Debug|Any CPU.Build.0 = Debug|Any CPU
		{21DAC712-8DEE-4B11-9D27-8CE1F45C74C0}.Release|Any CPU.ActiveCfg = Release|Any CPU
		{21DAC712-8DEE-4B11-9D27-8CE1F45C74C0}.Release|Any CPU.Build.0 = Release|Any CPU
		{FBC47889-67CB-4ED5-85CF-0AC983AF2EE7}.Debug|Any CPU.ActiveCfg = Debug|Any CPU
		{FBC47889-67CB-4ED5-85CF-0AC983AF2EE7}.Debug|Any CPU.Build.0 = Debug|Any CPU
		{FBC47889-67CB-4ED5-85CF-0AC983AF2EE7}.Release|Any CPU.ActiveCfg = Release|Any CPU
		{FBC47889-67CB-4ED5-85CF-0AC983AF2EE7}.Release|Any CPU.Build.0 = Release|Any CPU
	EndGlobalSection
	GlobalSection(SolutionProperties) = preSolution
		HideSolutionNode = FALSE
	EndGlobalSection
	GlobalSection(ExtensibilityGlobals) = postSolution
		SolutionGuid = {E5D3AF1B-0BD9-4B12-871B-396C3CBCD645}
	EndGlobalSection
EndGlobal
